
Microsoft Visual Studio Solution File, Format Version 12.00
# Visual Studio Version 17
VisualStudioVersion = 17.8.34525.116
MinimumVisualStudioVersion = 10.0.40219.1
Project("{9A19103F-16F7-4668-BE54-9A1E7A4F7556}") = "MyLinkList", "MyLinqList\MyLinkList.csproj", "{2EFF390A-EE92-402D-8824-9A22B33F019B}"
EndProject
Project("{9A19103F-16F7-4668-BE54-9A1E7A4F7556}") = "LinkedListBigPicture", "LinkedListBigPicture\LinkedListBigPicture.csproj", "{DD7BD1A7-DEEC-494B-BC60-8B4494B6EFDA}"
EndProject
Project("{9A19103F-16F7-4668-BE54-9A1E7A4F7556}") = "MyStack", "MyStack\MyStack.csproj", "{D296FF0A-F366-4747-B188-AD094407BB85}"
EndProject
Project("{9A19103F-16F7-4668-BE54-9A1E7A4F7556}") = "PostfixAlgorithm", "PostfixAlgorithm\PostfixAlgorithm.csproj", "{D75C0DA0-F4F9-48F1-9611-72CFD1858903}"
EndProject
Project("{FAE04EC0-301F-11D3-BF4B-00C04F79EFBC}") = "PostfixAplication", "PostfixAplication\PostfixAplication.csproj", "{54D4A8BD-6919-4BB5-B40D-86A404E9EA6F}"
EndProject
Global
	GlobalSection(SolutionConfigurationPlatforms) = preSolution
		Debug|Any CPU = Debug|Any CPU
		Release|Any CPU = Release|Any CPU
	EndGlobalSection
	GlobalSection(ProjectConfigurationPlatforms) = postSolution
		{2EFF390A-EE92-402D-8824-9A22B33F019B}.Debug|Any CPU.ActiveCfg = Debug|Any CPU
		{2EFF390A-EE92-402D-8824-9A22B33F019B}.Debug|Any CPU.Build.0 = Debug|Any CPU
		{2EFF390A-EE92-402D-8824-9A22B33F019B}.Release|Any CPU.ActiveCfg = Release|Any CPU
		{2EFF390A-EE92-402D-8824-9A22B33F019B}.Release|Any CPU.Build.0 = Release|Any CPU
		{DD7BD1A7-DEEC-494B-BC60-8B4494B6EFDA}.Debug|Any CPU.ActiveCfg = Debug|Any CPU
		{DD7BD1A7-DEEC-494B-BC60-8B4494B6EFDA}.Debug|Any CPU.Build.0 = Debug|Any CPU
		{DD7BD1A7-DEEC-494B-BC60-8B4494B6EFDA}.Release|Any CPU.ActiveCfg = Release|Any CPU
		{DD7BD1A7-DEEC-494B-BC60-8B4494B6EFDA}.Release|Any CPU.Build.0 = Release|Any CPU
		{D296FF0A-F366-4747-B188-AD094407BB85}.Debug|Any CPU.ActiveCfg = Debug|Any CPU
		{D296FF0A-F366-4747-B188-AD094407BB85}.Debug|Any CPU.Build.0 = Debug|Any CPU
		{D296FF0A-F366-4747-B188-AD094407BB85}.Release|Any CPU.ActiveCfg = Release|Any CPU
		{D296FF0A-F366-4747-B188-AD094407BB85}.Release|Any CPU.Build.0 = Release|Any CPU
		{D75C0DA0-F4F9-48F1-9611-72CFD1858903}.Debug|Any CPU.ActiveCfg = Debug|Any CPU
		{D75C0DA0-F4F9-48F1-9611-72CFD1858903}.Debug|Any CPU.Build.0 = Debug|Any CPU
		{D75C0DA0-F4F9-48F1-9611-72CFD1858903}.Release|Any CPU.ActiveCfg = Release|Any CPU
		{D75C0DA0-F4F9-48F1-9611-72CFD1858903}.Release|Any CPU.Build.0 = Release|Any CPU
		{54D4A8BD-6919-4BB5-B40D-86A404E9EA6F}.Debug|Any CPU.ActiveCfg = Debug|Any CPU
		{54D4A8BD-6919-4BB5-B40D-86A404E9EA6F}.Debug|Any CPU.Build.0 = Debug|Any CPU
		{54D4A8BD-6919-4BB5-B40D-86A404E9EA6F}.Release|Any CPU.ActiveCfg = Release|Any CPU
		{54D4A8BD-6919-4BB5-B40D-86A404E9EA6F}.Release|Any CPU.Build.0 = Release|Any CPU
	EndGlobalSection
	GlobalSection(SolutionProperties) = preSolution
		HideSolutionNode = FALSE
	EndGlobalSection
	GlobalSection(ExtensibilityGlobals) = postSolution
		SolutionGuid = {03A976E2-18FC-4A81-BD01-523EB079387E}
	EndGlobalSection
EndGlobal
